
Microsoft Visual Studio Solution File, Format Version 12.00
# Visual Studio Version 16
VisualStudioVersion = 25.0.1704.3
MinimumVisualStudioVersion = 10.0.40219.1
Project("{FAE04EC0-301F-11D3-BF4B-00C04F79EFBC}") = "VariablesExercise", "VariablesExercise.csproj", "{EB8A89F6-E8AB-4492-B3F8-E938A540B3E2}"
EndProject
Global
	GlobalSection(SolutionConfigurationPlatforms) = preSolution
		Debug|Any CPU = Debug|Any CPU
		Release|Any CPU = Release|Any CPU
	EndGlobalSection
	GlobalSection(ProjectConfigurationPlatforms) = postSolution
		{EB8A89F6-E8AB-4492-B3F8-E938A540B3E2}.Debug|Any CPU.ActiveCfg = Debug|Any CPU
		{EB8A89F6-E8AB-4492-B3F8-E938A540B3E2}.Debug|Any CPU.Build.0 = Debug|Any CPU
		{EB8A89F6-E8AB-4492-B3F8-E938A540B3E2}.Release|Any CPU.ActiveCfg = Release|Any CPU
		{EB8A89F6-E8AB-4492-B3F8-E938A540B3E2}.Release|Any CPU.Build.0 = Release|Any CPU
	EndGlobalSection
	GlobalSection(SolutionProperties) = preSolution
		HideSolutionNode = FALSE
	EndGlobalSection
	GlobalSection(ExtensibilityGlobals) = postSolution
		SolutionGuid = {13042108-5ED2-405B-8E97-4EE6F8F2F121}
	EndGlobalSection
EndGlobal
